{
  "nodes": {
    "nixpkgs": {
      "locked": {
        "lastModified": 1635314702,
        "narHash": "sha256-/CEuEaXFVl2vQ+o3lYzDPz4lfbHbMebyJqQ4jZ1PT30=",
        "owner": "nixos",
        "repo": "nixpkgs",
        "rev": "a4bf44345706231f9dd56f85757499af1e940847",
        "type": "github"
      },
      "original": {
        "owner": "nixos",
        "ref": "nixos-unstable",
        "repo": "nixpkgs",
        "type": "github"
      }
    },
    "root": {
      "inputs": {
        "nixpkgs": "nixpkgs",
        "utils": "utils"
      }
    },
    "utils": {
      "locked": {
        "lastModified": 1637014545,
        "narHash": "sha256-26IZAc5yzlD9FlDT54io1oqG/bBoyka+FJk5guaX4x4=",
        "owner": "numtide",
        "repo": "flake-utils",
        "rev": "bba5dcc8e0b20ab664967ad83d24d64cb64ec4f4",
        "type": "github"
      },
      "original": {
        "owner": "numtide",
        "repo": "flake-utils",
        "type": "github"
      }
    }
  },
  "root": "root",
  "version": 7
}
